
Microsoft Visual Studio Solution File, Format Version 12.00
# Visual Studio Version 17
VisualStudioVersion = 17.7.34024.191
MinimumVisualStudioVersion = 10.0.40219.1
Project("{FAE04EC0-301F-11D3-BF4B-00C04F79EFBC}") = "ConsoleApp3", "ConsoleApp3\ConsoleApp3.csproj", "{72FAC961-2F09-4803-97D6-87E1EBF6EE34}"
EndProject
Global
	GlobalSection(SolutionConfigurationPlatforms) = preSolution
		Debug|Any CPU = Debug|Any CPU
		Release|Any CPU = Release|Any CPU
	EndGlobalSection
	GlobalSection(ProjectConfigurationPlatforms) = postSolution
		{72FAC961-2F09-4803-97D6-87E1EBF6EE34}.Debug|Any CPU.ActiveCfg = Debug|Any CPU
		{72FAC961-2F09-4803-97D6-87E1EBF6EE34}.Debug|Any CPU.Build.0 = Debug|Any CPU
		{72FAC961-2F09-4803-97D6-87E1EBF6EE34}.Release|Any CPU.ActiveCfg = Release|Any CPU
		{72FAC961-2F09-4803-97D6-87E1EBF6EE34}.Release|Any CPU.Build.0 = Release|Any CPU
	EndGlobalSection
	GlobalSection(SolutionProperties) = preSolution
		HideSolutionNode = FALSE
	EndGlobalSection
	GlobalSection(ExtensibilityGlobals) = postSolution
		SolutionGuid = {D57291E8-2C5A-4F8C-A50B-6382939E6DF2}
	EndGlobalSection
EndGlobal
